
Microsoft Visual Studio Solution File, Format Version 12.00
# Visual Studio Version 17
VisualStudioVersion = 17.9.34607.119
MinimumVisualStudioVersion = 10.0.40219.1
Project("{9A19103F-16F7-4668-BE54-9A1E7A4F7556}") = "W01", "W01\W01.csproj", "{78534F3B-18CC-4BE8-9AC7-42B78814FEA3}"
EndProject
Project("{9A19103F-16F7-4668-BE54-9A1E7A4F7556}") = "W02", "W02\W02.csproj", "{08C9B3D1-5FB2-4B35-B754-7028F378D39D}"
EndProject
Project("{9A19103F-16F7-4668-BE54-9A1E7A4F7556}") = "W03", "W03\W03.csproj", "{4DAAECC0-6862-448A-959A-8908F825814C}"
EndProject
Project("{9A19103F-16F7-4668-BE54-9A1E7A4F7556}") = "ObsWebUI", "ObsWebUI\ObsWebUI.csproj", "{C36B4990-6654-49DE-9ECF-788F8DB4988B}"
EndProject
Project("{9A19103F-16F7-4668-BE54-9A1E7A4F7556}") = "Entities", "Entities\Entities.csproj", "{51282188-6899-419D-AEB2-0BC8DEB6F5F6}"
EndProject
Project("{9A19103F-16F7-4668-BE54-9A1E7A4F7556}") = "DataAccess", "DataAccess\DataAccess.csproj", "{10110B3C-6447-465A-A64A-A244823E236B}"
EndProject
Project("{9A19103F-16F7-4668-BE54-9A1E7A4F7556}") = "Business", "Business\Business.csproj", "{30CDF57F-BF5A-49AE-B311-D1DA875164F2}"
EndProject
Project("{9A19103F-16F7-4668-BE54-9A1E7A4F7556}") = "Caching", "Caching\Caching.csproj", "{DEF3783C-4430-4007-BF79-68A1E5928676}"
EndProject
Project("{9A19103F-16F7-4668-BE54-9A1E7A4F7556}") = "Core", "Core\Core.csproj", "{951CF6DB-6D69-46ED-A176-AF25FB658A5F}"
EndProject
Project("{FAE04EC0-301F-11D3-BF4B-00C04F79EFBC}") = "WebAPI", "WebAPI\WebAPI.csproj", "{7197D379-7E7D-4A82-A16E-AE84995AF722}"
EndProject
Global
	GlobalSection(SolutionConfigurationPlatforms) = preSolution
		Debug|Any CPU = Debug|Any CPU
		Release|Any CPU = Release|Any CPU
	EndGlobalSection
	GlobalSection(ProjectConfigurationPlatforms) = postSolution
		{78534F3B-18CC-4BE8-9AC7-42B78814FEA3}.Debug|Any CPU.ActiveCfg = Debug|Any CPU
		{78534F3B-18CC-4BE8-9AC7-42B78814FEA3}.Debug|Any CPU.Build.0 = Debug|Any CPU
		{78534F3B-18CC-4BE8-9AC7-42B78814FEA3}.Release|Any CPU.ActiveCfg = Release|Any CPU
		{78534F3B-18CC-4BE8-9AC7-42B78814FEA3}.Release|Any CPU.Build.0 = Release|Any CPU
		{08C9B3D1-5FB2-4B35-B754-7028F378D39D}.Debug|Any CPU.ActiveCfg = Debug|Any CPU
		{08C9B3D1-5FB2-4B35-B754-7028F378D39D}.Debug|Any CPU.Build.0 = Debug|Any CPU
		{08C9B3D1-5FB2-4B35-B754-7028F378D39D}.Release|Any CPU.ActiveCfg = Release|Any CPU
		{08C9B3D1-5FB2-4B35-B754-7028F378D39D}.Release|Any CPU.Build.0 = Release|Any CPU
		{4DAAECC0-6862-448A-959A-8908F825814C}.Debug|Any CPU.ActiveCfg = Debug|Any CPU
		{4DAAECC0-6862-448A-959A-8908F825814C}.Debug|Any CPU.Build.0 = Debug|Any CPU
		{4DAAECC0-6862-448A-959A-8908F825814C}.Release|Any CPU.ActiveCfg = Release|Any CPU
		{4DAAECC0-6862-448A-959A-8908F825814C}.Release|Any CPU.Build.0 = Release|Any CPU
		{C36B4990-6654-49DE-9ECF-788F8DB4988B}.Debug|Any CPU.ActiveCfg = Debug|Any CPU
		{C36B4990-6654-49DE-9ECF-788F8DB4988B}.Debug|Any CPU.Build.0 = Debug|Any CPU
		{C36B4990-6654-49DE-9ECF-788F8DB4988B}.Release|Any CPU.ActiveCfg = Release|Any CPU
		{C36B4990-6654-49DE-9ECF-788F8DB4988B}.Release|Any CPU.Build.0 = Release|Any CPU
		{51282188-6899-419D-AEB2-0BC8DEB6F5F6}.Debug|Any CPU.ActiveCfg = Debug|Any CPU
		{51282188-6899-419D-AEB2-0BC8DEB6F5F6}.Debug|Any CPU.Build.0 = Debug|Any CPU
		{51282188-6899-419D-AEB2-0BC8DEB6F5F6}.Release|Any CPU.ActiveCfg = Release|Any CPU
		{51282188-6899-419D-AEB2-0BC8DEB6F5F6}.Release|Any CPU.Build.0 = Release|Any CPU
		{10110B3C-6447-465A-A64A-A244823E236B}.Debug|Any CPU.ActiveCfg = Debug|Any CPU
		{10110B3C-6447-465A-A64A-A244823E236B}.Debug|Any CPU.Build.0 = Debug|Any CPU
		{10110B3C-6447-465A-A64A-A244823E236B}.Release|Any CPU.ActiveCfg = Release|Any CPU
		{10110B3C-6447-465A-A64A-A244823E236B}.Release|Any CPU.Build.0 = Release|Any CPU
		{30CDF57F-BF5A-49AE-B311-D1DA875164F2}.Debug|Any CPU.ActiveCfg = Debug|Any CPU
		{30CDF57F-BF5A-49AE-B311-D1DA875164F2}.Debug|Any CPU.Build.0 = Debug|Any CPU
		{30CDF57F-BF5A-49AE-B311-D1DA875164F2}.Release|Any CPU.ActiveCfg = Release|Any CPU
		{30CDF57F-BF5A-49AE-B311-D1DA875164F2}.Release|Any CPU.Build.0 = Release|Any CPU
		{DEF3783C-4430-4007-BF79-68A1E5928676}.Debug|Any CPU.ActiveCfg = Debug|Any CPU
		{DEF3783C-4430-4007-BF79-68A1E5928676}.Debug|Any CPU.Build.0 = Debug|Any CPU
		{DEF3783C-4430-4007-BF79-68A1E5928676}.Release|Any CPU.ActiveCfg = Release|Any CPU
		{DEF3783C-4430-4007-BF79-68A1E5928676}.Release|Any CPU.Build.0 = Release|Any CPU
		{951CF6DB-6D69-46ED-A176-AF25FB658A5F}.Debug|Any CPU.ActiveCfg = Debug|Any CPU
		{951CF6DB-6D69-46ED-A176-AF25FB658A5F}.Debug|Any CPU.Build.0 = Debug|Any CPU
		{951CF6DB-6D69-46ED-A176-AF25FB658A5F}.Release|Any CPU.ActiveCfg = Release|Any CPU
		{951CF6DB-6D69-46ED-A176-AF25FB658A5F}.Release|Any CPU.Build.0 = Release|Any CPU
		{7197D379-7E7D-4A82-A16E-AE84995AF722}.Debug|Any CPU.ActiveCfg = Debug|Any CPU
		{7197D379-7E7D-4A82-A16E-AE84995AF722}.Debug|Any CPU.Build.0 = Debug|Any CPU
		{7197D379-7E7D-4A82-A16E-AE84995AF722}.Release|Any CPU.ActiveCfg = Release|Any CPU
		{7197D379-7E7D-4A82-A16E-AE84995AF722}.Release|Any CPU.Build.0 = Release|Any CPU
	EndGlobalSection
	GlobalSection(SolutionProperties) = preSolution
		HideSolutionNode = FALSE
	EndGlobalSection
	GlobalSection(ExtensibilityGlobals) = postSolution
		SolutionGuid = {A4765390-56A6-4C96-A6F6-7D669690B01D}
	EndGlobalSection
EndGlobal
